// !$*UTF8*$!
{
	archiveVersion = 1;
	classes = {
	};
	objectVersion = 46;
	objects = {

/* Begin PBXBuildFile section */
		C5EBEFCE1B55F3E000E5DC7D /* main.m in Sources */ = {isa = PBXBuildFile; fileRef = C5EBEFCD1B55F3E000E5DC7D /* main.m */; };
		C5EBEFD11B55F3E000E5DC7D /* AppDelegate.m in Sources */ = {isa = PBXBuildFile; fileRef = C5EBEFD01B55F3E000E5DC7D /* AppDelegate.m */; };
		C5EBEFD41B55F3E000E5DC7D /* ViewController.m in Sources */ = {isa = PBXBuildFile; fileRef = C5EBEFD31B55F3E000E5DC7D /* ViewController.m */; };
		C5EBEFD91B55F3E000E5DC7D /* Images.xcassets in Resources */ = {isa = PBXBuildFile; fileRef = C5EBEFD81B55F3E000E5DC7D /* Images.xcassets */; };
		C5EBEFE81B55F3E000E5DC7D /* WaterflowTests.m in Sources */ = {isa = PBXBuildFile; fileRef = C5EBEFE71B55F3E000E5DC7D /* WaterflowTests.m */; };
		C5EBEFF31B55F43E00E5DC7D /* Shop.m in Sources */ = {isa = PBXBuildFile; fileRef = C5EBEFF21B55F43E00E5DC7D /* Shop.m */; };
		C5EBEFF51B55F50D00E5DC7D /* ShopCell.xib in Resources */ = {isa = PBXBuildFile; fileRef = C5EBEFF41B55F50D00E5DC7D /* ShopCell.xib */; };
		C5EBEFF81B55F55900E5DC7D /* ShopCell.m in Sources */ = {isa = PBXBuildFile; fileRef = C5EBEFF71B55F55900E5DC7D /* ShopCell.m */; };
		C5EBF0451B55F97000E5DC7D /* MJArgument.m in Sources */ = {isa = PBXBuildFile; fileRef = C5EBEFFC1B55F97000E5DC7D /* MJArgument.m */; };
		C5EBF0461B55F97000E5DC7D /* MJConst.m in Sources */ = {isa = PBXBuildFile; fileRef = C5EBEFFE1B55F97000E5DC7D /* MJConst.m */; };
		C5EBF0471B55F97000E5DC7D /* MJFoundation.m in Sources */ = {isa = PBXBuildFile; fileRef = C5EBF0011B55F97000E5DC7D /* MJFoundation.m */; };
		C5EBF0481B55F97000E5DC7D /* MJIvar.m in Sources */ = {isa = PBXBuildFile; fileRef = C5EBF0031B55F97000E5DC7D /* MJIvar.m */; };
		C5EBF0491B55F97000E5DC7D /* MJMember.m in Sources */ = {isa = PBXBuildFile; fileRef = C5EBF0051B55F97000E5DC7D /* MJMember.m */; };
		C5EBF04A1B55F97000E5DC7D /* MJMethod.m in Sources */ = {isa = PBXBuildFile; fileRef = C5EBF0071B55F97000E5DC7D /* MJMethod.m */; };
		C5EBF04B1B55F97000E5DC7D /* MJType.m in Sources */ = {isa = PBXBuildFile; fileRef = C5EBF0091B55F97000E5DC7D /* MJType.m */; };
		C5EBF04C1B55F97000E5DC7D /* MJTypeEncoding.m in Sources */ = {isa = PBXBuildFile; fileRef = C5EBF00B1B55F97000E5DC7D /* MJTypeEncoding.m */; };
		C5EBF04D1B55F97000E5DC7D /* NSObject+MJCoding.m in Sources */ = {isa = PBXBuildFile; fileRef = C5EBF00D1B55F97000E5DC7D /* NSObject+MJCoding.m */; };
		C5EBF04E1B55F97000E5DC7D /* NSObject+MJKeyValue.m in Sources */ = {isa = PBXBuildFile; fileRef = C5EBF00F1B55F97000E5DC7D /* NSObject+MJKeyValue.m */; };
		C5EBF04F1B55F97000E5DC7D /* NSObject+MJMember.m in Sources */ = {isa = PBXBuildFile; fileRef = C5EBF0111B55F97000E5DC7D /* NSObject+MJMember.m */; };
		C5EBF0501B55F97000E5DC7D /* MJRefresh.bundle in Resources */ = {isa = PBXBuildFile; fileRef = C5EBF0131B55F97000E5DC7D /* MJRefresh.bundle */; };
		C5EBF0511B55F97000E5DC7D /* MJRefreshBaseView.m in Sources */ = {isa = PBXBuildFile; fileRef = C5EBF0161B55F97000E5DC7D /* MJRefreshBaseView.m */; };
		C5EBF0521B55F97000E5DC7D /* MJRefreshConst.m in Sources */ = {isa = PBXBuildFile; fileRef = C5EBF0181B55F97000E5DC7D /* MJRefreshConst.m */; };
		C5EBF0531B55F97000E5DC7D /* MJRefreshFooterView.m in Sources */ = {isa = PBXBuildFile; fileRef = C5EBF01A1B55F97000E5DC7D /* MJRefreshFooterView.m */; };
		C5EBF0541B55F97000E5DC7D /* MJRefreshHeaderView.m in Sources */ = {isa = PBXBuildFile; fileRef = C5EBF01C1B55F97000E5DC7D /* MJRefreshHeaderView.m */; };
		C5EBF0551B55F97000E5DC7D /* UIScrollView+MJExtension.m in Sources */ = {isa = PBXBuildFile; fileRef = C5EBF01E1B55F97000E5DC7D /* UIScrollView+MJExtension.m */; };
		C5EBF0561B55F97000E5DC7D /* UIScrollView+MJRefresh.m in Sources */ = {isa = PBXBuildFile; fileRef = C5EBF0201B55F97000E5DC7D /* UIScrollView+MJRefresh.m */; };
		C5EBF0571B55F97000E5DC7D /* UIView+MJExtension.m in Sources */ = {isa = PBXBuildFile; fileRef = C5EBF0221B55F97000E5DC7D /* UIView+MJExtension.m */; };
		C5EBF0581B55F97000E5DC7D /* MKAnnotationView+WebCache.m in Sources */ = {isa = PBXBuildFile; fileRef = C5EBF0251B55F97000E5DC7D /* MKAnnotationView+WebCache.m */; };
		C5EBF0591B55F97000E5DC7D /* NSData+ImageContentType.m in Sources */ = {isa = PBXBuildFile; fileRef = C5EBF0271B55F97000E5DC7D /* NSData+ImageContentType.m */; };
		C5EBF05A1B55F97000E5DC7D /* SDImageCache.m in Sources */ = {isa = PBXBuildFile; fileRef = C5EBF0291B55F97000E5DC7D /* SDImageCache.m */; };
		C5EBF05B1B55F97000E5DC7D /* SDWebImageCompat.m in Sources */ = {isa = PBXBuildFile; fileRef = C5EBF02B1B55F97000E5DC7D /* SDWebImageCompat.m */; };
		C5EBF05C1B55F97000E5DC7D /* SDWebImageDecoder.m in Sources */ = {isa = PBXBuildFile; fileRef = C5EBF02D1B55F97000E5DC7D /* SDWebImageDecoder.m */; };
		C5EBF05D1B55F97000E5DC7D /* SDWebImageDownloader.m in Sources */ = {isa = PBXBuildFile; fileRef = C5EBF02F1B55F97000E5DC7D /* SDWebImageDownloader.m */; };
		C5EBF05E1B55F97000E5DC7D /* SDWebImageDownloaderOperation.m in Sources */ = {isa = PBXBuildFile; fileRef = C5EBF0311B55F97000E5DC7D /* SDWebImageDownloaderOperation.m */; };
		C5EBF05F1B55F97000E5DC7D /* SDWebImageManager.m in Sources */ = {isa = PBXBuildFile; fileRef = C5EBF0331B55F97000E5DC7D /* SDWebImageManager.m */; };
		C5EBF0601B55F97000E5DC7D /* SDWebImagePrefetcher.m in Sources */ = {isa = PBXBuildFile; fileRef = C5EBF0361B55F97000E5DC7D /* SDWebImagePrefetcher.m */; };
		C5EBF0611B55F97000E5DC7D /* UIButton+WebCache.m in Sources */ = {isa = PBXBuildFile; fileRef = C5EBF0381B55F97000E5DC7D /* UIButton+WebCache.m */; };
		C5EBF0621B55F97000E5DC7D /* UIImage+GIF.m in Sources */ = {isa = PBXBuildFile; fileRef = C5EBF03A1B55F97000E5DC7D /* UIImage+GIF.m */; };
		C5EBF0631B55F97000E5DC7D /* UIImage+MultiFormat.m in Sources */ = {isa = PBXBuildFile; fileRef = C5EBF03C1B55F97000E5DC7D /* UIImage+MultiFormat.m */; };
		C5EBF0641B55F97000E5DC7D /* UIImage+WebP.m in Sources */ = {isa = PBXBuildFile; fileRef = C5EBF03E1B55F97000E5DC7D /* UIImage+WebP.m */; };
		C5EBF0651B55F97000E5DC7D /* UIImageView+HighlightedWebCache.m in Sources */ = {isa = PBXBuildFile; fileRef = C5EBF0401B55F97000E5DC7D /* UIImageView+HighlightedWebCache.m */; };
		C5EBF0661B55F97000E5DC7D /* UIImageView+WebCache.m in Sources */ = {isa = PBXBuildFile; fileRef = C5EBF0421B55F97000E5DC7D /* UIImageView+WebCache.m */; };
		C5EBF0671B55F97000E5DC7D /* UIView+WebCacheOperation.m in Sources */ = {isa = PBXBuildFile; fileRef = C5EBF0441B55F97000E5DC7D /* UIView+WebCacheOperation.m */; };
		C5EBF0691B55FAA400E5DC7D /* 1.plist in Resources */ = {isa = PBXBuildFile; fileRef = C5EBF0681B55FAA400E5DC7D /* 1.plist */; };
		C5EBF06B1B55FACD00E5DC7D /* Main.storyboard in Resources */ = {isa = PBXBuildFile; fileRef = C5EBF06A1B55FACD00E5DC7D /* Main.storyboard */; };
		C5EBF06E1B5604ED00E5DC7D /* WaterflowLayout.m in Sources */ = {isa = PBXBuildFile; fileRef = C5EBF06D1B5604ED00E5DC7D /* WaterflowLayout.m */; };
/* End PBXBuildFile section */

/* Begin PBXContainerItemProxy section */
		C5EBEFE21B55F3E000E5DC7D /* PBXContainerItemProxy */ = {
			isa = PBXContainerItemProxy;
			containerPortal = C5EBEFC01B55F3E000E5DC7D /* Project object */;
			proxyType = 1;
			remoteGlobalIDString = C5EBEFC71B55F3E000E5DC7D;
			remoteInfo = Waterflow;
		};
/* End PBXContainerItemProxy section */

/* Begin PBXFileReference section */
		C5EBEFC81B55F3E000E5DC7D /* Waterflow.app */ = {isa = PBXFileReference; explicitFileType = wrapper.application; includeInIndex = 0; path = Waterflow.app; sourceTree = BUILT_PRODUCTS_DIR; };
		C5EBEFCC1B55F3E000E5DC7D /* Info.plist */ = {isa = PBXFileReference; lastKnownFileType = text.plist.xml; path = Info.plist; sourceTree = "<group>"; };
		C5EBEFCD1B55F3E000E5DC7D /* main.m */ = {isa = PBXFileReference; lastKnownFileType = sourcecode.c.objc; path = main.m; sourceTree = "<group>"; };
		C5EBEFCF1B55F3E000E5DC7D /* AppDelegate.h */ = {isa = PBXFileReference; lastKnownFileType = sourcecode.c.h; path = AppDelegate.h; sourceTree = "<group>"; };
		C5EBEFD01B55F3E000E5DC7D /* AppDelegate.m */ = {isa = PBXFileReference; lastKnownFileType = sourcecode.c.objc; path = AppDelegate.m; sourceTree = "<group>"; };
		C5EBEFD21B55F3E000E5DC7D /* ViewController.h */ = {isa = PBXFileReference; lastKnownFileType = sourcecode.c.h; path = ViewController.h; sourceTree = "<group>"; };
		C5EBEFD31B55F3E000E5DC7D /* ViewController.m */ = {isa = PBXFileReference; lastKnownFileType = sourcecode.c.objc; path = ViewController.m; sourceTree = "<group>"; };
		C5EBEFD81B55F3E000E5DC7D /* Images.xcassets */ = {isa = PBXFileReference; lastKnownFileType = folder.assetcatalog; path = Images.xcassets; sourceTree = "<group>"; };
		C5EBEFE11B55F3E000E5DC7D /* WaterflowTests.xctest */ = {isa = PBXFileReference; explicitFileType = wrapper.cfbundle; includeInIndex = 0; path = WaterflowTests.xctest; sourceTree = BUILT_PRODUCTS_DIR; };
		C5EBEFE61B55F3E000E5DC7D /* Info.plist */ = {isa = PBXFileReference; lastKnownFileType = text.plist.xml; path = Info.plist; sourceTree = "<group>"; };
		C5EBEFE71B55F3E000E5DC7D /* WaterflowTests.m */ = {isa = PBXFileReference; lastKnownFileType = sourcecode.c.objc; path = WaterflowTests.m; sourceTree = "<group>"; };
		C5EBEFF11B55F43E00E5DC7D /* Shop.h */ = {isa = PBXFileReference; fileEncoding = 4; lastKnownFileType = sourcecode.c.h; path = Shop.h; sourceTree = "<group>"; };
		C5EBEFF21B55F43E00E5DC7D /* Shop.m */ = {isa = PBXFileReference; fileEncoding = 4; lastKnownFileType = sourcecode.c.objc; path = Shop.m; sourceTree = "<group>"; };
		C5EBEFF41B55F50D00E5DC7D /* ShopCell.xib */ = {isa = PBXFileReference; fileEncoding = 4; lastKnownFileType = file.xib; path = ShopCell.xib; sourceTree = "<group>"; };
		C5EBEFF61B55F55900E5DC7D /* ShopCell.h */ = {isa = PBXFileReference; fileEncoding = 4; lastKnownFileType = sourcecode.c.h; path = ShopCell.h; sourceTree = "<group>"; };
		C5EBEFF71B55F55900E5DC7D /* ShopCell.m */ = {isa = PBXFileReference; fileEncoding = 4; lastKnownFileType = sourcecode.c.objc; path = ShopCell.m; sourceTree = "<group>"; };
		C5EBEFFB1B55F97000E5DC7D /* MJArgument.h */ = {isa = PBXFileReference; fileEncoding = 4; lastKnownFileType = sourcecode.c.h; path = MJArgument.h; sourceTree = "<group>"; };
		C5EBEFFC1B55F97000E5DC7D /* MJArgument.m */ = {isa = PBXFileReference; fileEncoding = 4; lastKnownFileType = sourcecode.c.objc; path = MJArgument.m; sourceTree = "<group>"; };
		C5EBEFFD1B55F97000E5DC7D /* MJConst.h */ = {isa = PBXFileReference; fileEncoding = 4; lastKnownFileType = sourcecode.c.h; path = MJConst.h; sourceTree = "<group>"; };
		C5EBEFFE1B55F97000E5DC7D /* MJConst.m */ = {isa = PBXFileReference; fileEncoding = 4; lastKnownFileType = sourcecode.c.objc; path = MJConst.m; sourceTree = "<group>"; };
		C5EBEFFF1B55F97000E5DC7D /* MJExtension.h */ = {isa = PBXFileReference; fileEncoding = 4; lastKnownFileType = sourcecode.c.h; path = MJExtension.h; sourceTree = "<group>"; };
		C5EBF0001B55F97000E5DC7D /* MJFoundation.h */ = {isa = PBXFileReference; fileEncoding = 4; lastKnownFileType = sourcecode.c.h; path = MJFoundation.h; sourceTree = "<group>"; };
		C5EBF0011B55F97000E5DC7D /* MJFoundation.m */ = {isa = PBXFileReference; fileEncoding = 4; lastKnownFileType = sourcecode.c.objc; path = MJFoundation.m; sourceTree = "<group>"; };
		C5EBF0021B55F97000E5DC7D /* MJIvar.h */ = {isa = PBXFileReference; fileEncoding = 4; lastKnownFileType = sourcecode.c.h; path = MJIvar.h; sourceTree = "<group>"; };
		C5EBF0031B55F97000E5DC7D /* MJIvar.m */ = {isa = PBXFileReference; fileEncoding = 4; lastKnownFileType = sourcecode.c.objc; path = MJIvar.m; sourceTree = "<group>"; };
		C5EBF0041B55F97000E5DC7D /* MJMember.h */ = {isa = PBXFileReference; fileEncoding = 4; lastKnownFileType = sourcecode.c.h; path = MJMember.h; sourceTree = "<group>"; };
		C5EBF0051B55F97000E5DC7D /* MJMember.m */ = {isa = PBXFileReference; fileEncoding = 4; lastKnownFileType = sourcecode.c.objc; path = MJMember.m; sourceTree = "<group>"; };
		C5EBF0061B55F97000E5DC7D /* MJMethod.h */ = {isa = PBXFileReference; fileEncoding = 4; lastKnownFileType = sourcecode.c.h; path = MJMethod.h; sourceTree = "<group>"; };
		C5EBF0071B55F97000E5DC7D /* MJMethod.m */ = {isa = PBXFileReference; fileEncoding = 4; lastKnownFileType = sourcecode.c.objc; path = MJMethod.m; sourceTree = "<group>"; };
		C5EBF0081B55F97000E5DC7D /* MJType.h */ = {isa = PBXFileReference; fileEncoding = 4; lastKnownFileType = sourcecode.c.h; path = MJType.h; sourceTree = "<group>"; };
		C5EBF0091B55F97000E5DC7D /* MJType.m */ = {isa = PBXFileReference; fileEncoding = 4; lastKnownFileType = sourcecode.c.objc; path = MJType.m; sourceTree = "<group>"; };
		C5EBF00A1B55F97000E5DC7D /* MJTypeEncoding.h */ = {isa = PBXFileReference; fileEncoding = 4; lastKnownFileType = sourcecode.c.h; path = MJTypeEncoding.h; sourceTree = "<group>"; };
		C5EBF00B1B55F97000E5DC7D /* MJTypeEncoding.m */ = {isa = PBXFileReference; fileEncoding = 4; lastKnownFileType = sourcecode.c.objc; path = MJTypeEncoding.m; sourceTree = "<group>"; };
		C5EBF00C1B55F97000E5DC7D /* NSObject+MJCoding.h */ = {isa = PBXFileReference; fileEncoding = 4; lastKnownFileType = sourcecode.c.h; path = "NSObject+MJCoding.h"; sourceTree = "<group>"; };
		C5EBF00D1B55F97000E5DC7D /* NSObject+MJCoding.m */ = {isa = PBXFileReference; fileEncoding = 4; lastKnownFileType = sourcecode.c.objc; path = "NSObject+MJCoding.m"; sourceTree = "<group>"; };
		C5EBF00E1B55F97000E5DC7D /* NSObject+MJKeyValue.h */ = {isa = PBXFileReference; fileEncoding = 4; lastKnownFileType = sourcecode.c.h; path = "NSObject+MJKeyValue.h"; sourceTree = "<group>"; };
		C5EBF00F1B55F97000E5DC7D /* NSObject+MJKeyValue.m */ = {isa = PBXFileReference; fileEncoding = 4; lastKnownFileType = sourcecode.c.objc; path = "NSObject+MJKeyValue.m"; sourceTree = "<group>"; };
		C5EBF0101B55F97000E5DC7D /* NSObject+MJMember.h */ = {isa = PBXFileReference; fileEncoding = 4; lastKnownFileType = sourcecode.c.h; path = "NSObject+MJMember.h"; sourceTree = "<group>"; };
		C5EBF0111B55F97000E5DC7D /* NSObject+MJMember.m */ = {isa = PBXFileReference; fileEncoding = 4; lastKnownFileType = sourcecode.c.objc; path = "NSObject+MJMember.m"; sourceTree = "<group>"; };
		C5EBF0131B55F97000E5DC7D /* MJRefresh.bundle */ = {isa = PBXFileReference; lastKnownFileType = "wrapper.plug-in"; path = MJRefresh.bundle; sourceTree = "<group>"; };
		C5EBF0141B55F97000E5DC7D /* MJRefresh.h */ = {isa = PBXFileReference; fileEncoding = 4; lastKnownFileType = sourcecode.c.h; path = MJRefresh.h; sourceTree = "<group>"; };
		C5EBF0151B55F97000E5DC7D /* MJRefreshBaseView.h */ = {isa = PBXFileReference; fileEncoding = 4; lastKnownFileType = sourcecode.c.h; path = MJRefreshBaseView.h; sourceTree = "<group>"; };
		C5EBF0161B55F97000E5DC7D /* MJRefreshBaseView.m */ = {isa = PBXFileReference; fileEncoding = 4; lastKnownFileType = sourcecode.c.objc; path = MJRefreshBaseView.m; sourceTree = "<group>"; };
		C5EBF0171B55F97000E5DC7D /* MJRefreshConst.h */ = {isa = PBXFileReference; fileEncoding = 4; lastKnownFileType = sourcecode.c.h; path = MJRefreshConst.h; sourceTree = "<group>"; };
		C5EBF0181B55F97000E5DC7D /* MJRefreshConst.m */ = {isa = PBXFileReference; fileEncoding = 4; lastKnownFileType = sourcecode.c.objc; path = MJRefreshConst.m; sourceTree = "<group>"; };
		C5EBF0191B55F97000E5DC7D /* MJRefreshFooterView.h */ = {isa = PBXFileReference; fileEncoding = 4; lastKnownFileType = sourcecode.c.h; path = MJRefreshFooterView.h; sourceTree = "<group>"; };
		C5EBF01A1B55F97000E5DC7D /* MJRefreshFooterView.m */ = {isa = PBXFileReference; fileEncoding = 4; lastKnownFileType = sourcecode.c.objc; path = MJRefreshFooterView.m; sourceTree = "<group>"; };
		C5EBF01B1B55F97000E5DC7D /* MJRefreshHeaderView.h */ = {isa = PBXFileReference; fileEncoding = 4; lastKnownFileType = sourcecode.c.h; path = MJRefreshHeaderView.h; sourceTree = "<group>"; };
		C5EBF01C1B55F97000E5DC7D /* MJRefreshHeaderView.m */ = {isa = PBXFileReference; fileEncoding = 4; lastKnownFileType = sourcecode.c.objc; path = MJRefreshHeaderView.m; sourceTree = "<group>"; };
		C5EBF01D1B55F97000E5DC7D /* UIScrollView+MJExtension.h */ = {isa = PBXFileReference; fileEncoding = 4; lastKnownFileType = sourcecode.c.h; path = "UIScrollView+MJExtension.h"; sourceTree = "<group>"; };
		C5EBF01E1B55F97000E5DC7D /* UIScrollView+MJExtension.m */ = {isa = PBXFileReference; fileEncoding = 4; lastKnownFileType = sourcecode.c.objc; path = "UIScrollView+MJExtension.m"; sourceTree = "<group>"; };
		C5EBF01F1B55F97000E5DC7D /* UIScrollView+MJRefresh.h */ = {isa = PBXFileReference; fileEncoding = 4; lastKnownFileType = sourcecode.c.h; path = "UIScrollView+MJRefresh.h"; sourceTree = "<group>"; };
		C5EBF0201B55F97000E5DC7D /* UIScrollView+MJRefresh.m */ = {isa = PBXFileReference; fileEncoding = 4; lastKnownFileType = sourcecode.c.objc; path = "UIScrollView+MJRefresh.m"; sourceTree = "<group>"; };
		C5EBF0211B55F97000E5DC7D /* UIView+MJExtension.h */ = {isa = PBXFileReference; fileEncoding = 4; lastKnownFileType = sourcecode.c.h; path = "UIView+MJExtension.h"; sourceTree = "<group>"; };
		C5EBF0221B55F97000E5DC7D /* UIView+MJExtension.m */ = {isa = PBXFileReference; fileEncoding = 4; lastKnownFileType = sourcecode.c.objc; path = "UIView+MJExtension.m"; sourceTree = "<group>"; };
		C5EBF0241B55F97000E5DC7D /* MKAnnotationView+WebCache.h */ = {isa = PBXFileReference; fileEncoding = 4; lastKnownFileType = sourcecode.c.h; path = "MKAnnotationView+WebCache.h"; sourceTree = "<group>"; };
		C5EBF0251B55F97000E5DC7D /* MKAnnotationView+WebCache.m */ = {isa = PBXFileReference; fileEncoding = 4; lastKnownFileType = sourcecode.c.objc; path = "MKAnnotationView+WebCache.m"; sourceTree = "<group>"; };
		C5EBF0261B55F97000E5DC7D /* NSData+ImageContentType.h */ = {isa = PBXFileReference; fileEncoding = 4; lastKnownFileType = sourcecode.c.h; path = "NSData+ImageContentType.h"; sourceTree = "<group>"; };
		C5EBF0271B55F97000E5DC7D /* NSData+ImageContentType.m */ = {isa = PBXFileReference; fileEncoding = 4; lastKnownFileType = sourcecode.c.objc; path = "NSData+ImageContentType.m"; sourceTree = "<group>"; };
		C5EBF0281B55F97000E5DC7D /* SDImageCache.h */ = {isa = PBXFileReference; fileEncoding = 4; lastKnownFileType = sourcecode.c.h; path = SDImageCache.h; sourceTree = "<group>"; };
		C5EBF0291B55F97000E5DC7D /* SDImageCache.m */ = {isa = PBXFileReference; fileEncoding = 4; lastKnownFileType = sourcecode.c.objc; path = SDImageCache.m; sourceTree = "<group>"; };
		C5EBF02A1B55F97000E5DC7D /* SDWebImageCompat.h */ = {isa = PBXFileReference; fileEncoding = 4; lastKnownFileType = sourcecode.c.h; path = SDWebImageCompat.h; sourceTree = "<group>"; };
		C5EBF02B1B55F97000E5DC7D /* SDWebImageCompat.m */ = {isa = PBXFileReference; fileEncoding = 4; lastKnownFileType = sourcecode.c.objc; path = SDWebImageCompat.m; sourceTree = "<group>"; };
		C5EBF02C1B55F97000E5DC7D /* SDWebImageDecoder.h */ = {isa = PBXFileReference; fileEncoding = 4; lastKnownFileType = sourcecode.c.h; path = SDWebImageDecoder.h; sourceTree = "<group>"; };
		C5EBF02D1B55F97000E5DC7D /* SDWebImageDecoder.m */ = {isa = PBXFileReference; fileEncoding = 4; lastKnownFileType = sourcecode.c.objc; path = SDWebImageDecoder.m; sourceTree = "<group>"; };
		C5EBF02E1B55F97000E5DC7D /* SDWebImageDownloader.h */ = {isa = PBXFileReference; fileEncoding = 4; lastKnownFileType = sourcecode.c.h; path = SDWebImageDownloader.h; sourceTree = "<group>"; };
		C5EBF02F1B55F97000E5DC7D /* SDWebImageDownloader.m */ = {isa = PBXFileReference; fileEncoding = 4; lastKnownFileType = sourcecode.c.objc; path = SDWebImageDownloader.m; sourceTree = "<group>"; };
		C5EBF0301B55F97000E5DC7D /* SDWebImageDownloaderOperation.h */ = {isa = PBXFileReference; fileEncoding = 4; lastKnownFileType = sourcecode.c.h; path = SDWebImageDownloaderOperation.h; sourceTree = "<group>"; };
		C5EBF0311B55F97000E5DC7D /* SDWebImageDownloaderOperation.m */ = {isa = PBXFileReference; fileEncoding = 4; lastKnownFileType = sourcecode.c.objc; path = SDWebImageDownloaderOperation.m; sourceTree = "<group>"; };
		C5EBF0321B55F97000E5DC7D /* SDWebImageManager.h */ = {isa = PBXFileReference; fileEncoding = 4; lastKnownFileType = sourcecode.c.h; path = SDWebImageManager.h; sourceTree = "<group>"; };
		C5EBF0331B55F97000E5DC7D /* SDWebImageManager.m */ = {isa = PBXFileReference; fileEncoding = 4; lastKnownFileType = sourcecode.c.objc; path = SDWebImageManager.m; sourceTree = "<group>"; };
		C5EBF0341B55F97000E5DC7D /* SDWebImageOperation.h */ = {isa = PBXFileReference; fileEncoding = 4; lastKnownFileType = sourcecode.c.h; path = SDWebImageOperation.h; sourceTree = "<group>"; };
		C5EBF0351B55F97000E5DC7D /* SDWebImagePrefetcher.h */ = {isa = PBXFileReference; fileEncoding = 4; lastKnownFileType = sourcecode.c.h; path = SDWebImagePrefetcher.h; sourceTree = "<group>"; };
		C5EBF0361B55F97000E5DC7D /* SDWebImagePrefetcher.m */ = {isa = PBXFileReference; fileEncoding = 4; lastKnownFileType = sourcecode.c.objc; path = SDWebImagePrefetcher.m; sourceTree = "<group>"; };
		C5EBF0371B55F97000E5DC7D /* UIButton+WebCache.h */ = {isa = PBXFileReference; fileEncoding = 4; lastKnownFileType = sourcecode.c.h; path = "UIButton+WebCache.h"; sourceTree = "<group>"; };
		C5EBF0381B55F97000E5DC7D /* UIButton+WebCache.m */ = {isa = PBXFileReference; fileEncoding = 4; lastKnownFileType = sourcecode.c.objc; path = "UIButton+WebCache.m"; sourceTree = "<group>"; };
		C5EBF0391B55F97000E5DC7D /* UIImage+GIF.h */ = {isa = PBXFileReference; fileEncoding = 4; lastKnownFileType = sourcecode.c.h; path = "UIImage+GIF.h"; sourceTree = "<group>"; };
		C5EBF03A1B55F97000E5DC7D /* UIImage+GIF.m */ = {isa = PBXFileReference; fileEncoding = 4; lastKnownFileType = sourcecode.c.objc; path = "UIImage+GIF.m"; sourceTree = "<group>"; };
		C5EBF03B1B55F97000E5DC7D /* UIImage+MultiFormat.h */ = {isa = PBXFileReference; fileEncoding = 4; lastKnownFileType = sourcecode.c.h; path = "UIImage+MultiFormat.h"; sourceTree = "<group>"; };
		C5EBF03C1B55F97000E5DC7D /* UIImage+MultiFormat.m */ = {isa = PBXFileReference; fileEncoding = 4; lastKnownFileType = sourcecode.c.objc; path = "UIImage+MultiFormat.m"; sourceTree = "<group>"; };
		C5EBF03D1B55F97000E5DC7D /* UIImage+WebP.h */ = {isa = PBXFileReference; fileEncoding = 4; lastKnownFileType = sourcecode.c.h; path = "UIImage+WebP.h"; sourceTree = "<group>"; };
		C5EBF03E1B55F97000E5DC7D /* UIImage+WebP.m */ = {isa = PBXFileReference; fileEncoding = 4; lastKnownFileType = sourcecode.c.objc; path = "UIImage+WebP.m"; sourceTree = "<group>"; };
		C5EBF03F1B55F97000E5DC7D /* UIImageView+HighlightedWebCache.h */ = {isa = PBXFileReference; fileEncoding = 4; lastKnownFileType = sourcecode.c.h; path = "UIImageView+HighlightedWebCache.h"; sourceTree = "<group>"; };
		C5EBF0401B55F97000E5DC7D /* UIImageView+HighlightedWebCache.m */ = {isa = PBXFileReference; fileEncoding = 4; lastKnownFileType = sourcecode.c.objc; path = "UIImageView+HighlightedWebCache.m"; sourceTree = "<group>"; };
		C5EBF0411B55F97000E5DC7D /* UIImageView+WebCache.h */ = {isa = PBXFileReference; fileEncoding = 4; lastKnownFileType = sourcecode.c.h; path = "UIImageView+WebCache.h"; sourceTree = "<group>"; };
		C5EBF0421B55F97000E5DC7D /* UIImageView+WebCache.m */ = {isa = PBXFileReference; fileEncoding = 4; lastKnownFileType = sourcecode.c.objc; path = "UIImageView+WebCache.m"; sourceTree = "<group>"; };
		C5EBF0431B55F97000E5DC7D /* UIView+WebCacheOperation.h */ = {isa = PBXFileReference; fileEncoding = 4; lastKnownFileType = sourcecode.c.h; path = "UIView+WebCacheOperation.h"; sourceTree = "<group>"; };
		C5EBF0441B55F97000E5DC7D /* UIView+WebCacheOperation.m */ = {isa = PBXFileReference; fileEncoding = 4; lastKnownFileType = sourcecode.c.objc; path = "UIView+WebCacheOperation.m"; sourceTree = "<group>"; };
		C5EBF0681B55FAA400E5DC7D /* 1.plist */ = {isa = PBXFileReference; fileEncoding = 4; lastKnownFileType = text.plist.xml; path = 1.plist; sourceTree = "<group>"; };
		C5EBF06A1B55FACD00E5DC7D /* Main.storyboard */ = {isa = PBXFileReference; fileEncoding = 4; lastKnownFileType = file.storyboard; path = Main.storyboard; sourceTree = "<group>"; };
		C5EBF06C1B5604ED00E5DC7D /* WaterflowLayout.h */ = {isa = PBXFileReference; fileEncoding = 4; lastKnownFileType = sourcecode.c.h; path = WaterflowLayout.h; sourceTree = "<group>"; };
		C5EBF06D1B5604ED00E5DC7D /* WaterflowLayout.m */ = {isa = PBXFileReference; fileEncoding = 4; lastKnownFileType = sourcecode.c.objc; path = WaterflowLayout.m; sourceTree = "<group>"; };
/* End PBXFileReference section */

/* Begin PBXFrameworksBuildPhase section */
		C5EBEFC51B55F3E000E5DC7D /* Frameworks */ = {
			isa = PBXFrameworksBuildPhase;
			buildActionMask = 2147483647;
			files = (
			);
			runOnlyForDeploymentPostprocessing = 0;
		};
		C5EBEFDE1B55F3E000E5DC7D /* Frameworks */ = {
			isa = PBXFrameworksBuildPhase;
			buildActionMask = 2147483647;
			files = (
			);
			runOnlyForDeploymentPostprocessing = 0;
		};
/* End PBXFrameworksBuildPhase section */

/* Begin PBXGroup section */
		C5EBEFBF1B55F3E000E5DC7D = {
			isa = PBXGroup;
			children = (
				C5EBEFCA1B55F3E000E5DC7D /* Waterflow */,
				C5EBEFE41B55F3E000E5DC7D /* WaterflowTests */,
				C5EBEFC91B55F3E000E5DC7D /* Products */,
			);
			sourceTree = "<group>";
		};
		C5EBEFC91B55F3E000E5DC7D /* Products */ = {
			isa = PBXGroup;
			children = (
				C5EBEFC81B55F3E000E5DC7D /* Waterflow.app */,
				C5EBEFE11B55F3E000E5DC7D /* WaterflowTests.xctest */,
			);
			name = Products;
			sourceTree = "<group>";
		};
		C5EBEFCA1B55F3E000E5DC7D /* Waterflow */ = {
			isa = PBXGroup;
			children = (
				C5EBEFF91B55F97000E5DC7D /* Lib */,
				C5EBEFCF1B55F3E000E5DC7D /* AppDelegate.h */,
				C5EBEFD01B55F3E000E5DC7D /* AppDelegate.m */,
				C5EBEFD21B55F3E000E5DC7D /* ViewController.h */,
				C5EBEFD31B55F3E000E5DC7D /* ViewController.m */,
				C5EBEFCB1B55F3E000E5DC7D /* Supporting Files */,
				C5EBEFF11B55F43E00E5DC7D /* Shop.h */,
				C5EBEFF21B55F43E00E5DC7D /* Shop.m */,
				C5EBF06C1B5604ED00E5DC7D /* WaterflowLayout.h */,
				C5EBF06D1B5604ED00E5DC7D /* WaterflowLayout.m */,
			);
			path = Waterflow;
			sourceTree = "<group>";
		};
		C5EBEFCB1B55F3E000E5DC7D /* Supporting Files */ = {
			isa = PBXGroup;
			children = (
				C5EBF06A1B55FACD00E5DC7D /* Main.storyboard */,
				C5EBF0681B55FAA400E5DC7D /* 1.plist */,
				C5EBEFF61B55F55900E5DC7D /* ShopCell.h */,
				C5EBEFF71B55F55900E5DC7D /* ShopCell.m */,
				C5EBEFF41B55F50D00E5DC7D /* ShopCell.xib */,
				C5EBEFD81B55F3E000E5DC7D /* Images.xcassets */,
				C5EBEFCC1B55F3E000E5DC7D /* Info.plist */,
				C5EBEFCD1B55F3E000E5DC7D /* main.m */,
			);
			name = "Supporting Files";
			sourceTree = "<group>";
		};
		C5EBEFE41B55F3E000E5DC7D /* WaterflowTests */ = {
			isa = PBXGroup;
			children = (
				C5EBEFE71B55F3E000E5DC7D /* WaterflowTests.m */,
				C5EBEFE51B55F3E000E5DC7D /* Supporting Files */,
			);
			path = WaterflowTests;
			sourceTree = "<group>";
		};
		C5EBEFE51B55F3E000E5DC7D /* Supporting Files */ = {
			isa = PBXGroup;
			children = (
				C5EBEFE61B55F3E000E5DC7D /* Info.plist */,
			);
			name = "Supporting Files";
			sourceTree = "<group>";
		};
		C5EBEFF91B55F97000E5DC7D /* Lib */ = {
			isa = PBXGroup;
			children = (
				C5EBEFFA1B55F97000E5DC7D /* MJExtension */,
				C5EBF0121B55F97000E5DC7D /* MJRefresh */,
				C5EBF0231B55F97000E5DC7D /* SDWebImage */,
			);
			path = Lib;
			sourceTree = "<group>";
		};
		C5EBEFFA1B55F97000E5DC7D /* MJExtension */ = {
			isa = PBXGroup;
			children = (
				C5EBEFFB1B55F97000E5DC7D /* MJArgument.h */,
				C5EBEFFC1B55F97000E5DC7D /* MJArgument.m */,
				C5EBEFFD1B55F97000E5DC7D /* MJConst.h */,
				C5EBEFFE1B55F97000E5DC7D /* MJConst.m */,
				C5EBEFFF1B55F97000E5DC7D /* MJExtension.h */,
				C5EBF0001B55F97000E5DC7D /* MJFoundation.h */,
				C5EBF0011B55F97000E5DC7D /* MJFoundation.m */,
				C5EBF0021B55F97000E5DC7D /* MJIvar.h */,
				C5EBF0031B55F97000E5DC7D /* MJIvar.m */,
				C5EBF0041B55F97000E5DC7D /* MJMember.h */,
				C5EBF0051B55F97000E5DC7D /* MJMember.m */,
				C5EBF0061B55F97000E5DC7D /* MJMethod.h */,
				C5EBF0071B55F97000E5DC7D /* MJMethod.m */,
				C5EBF0081B55F97000E5DC7D /* MJType.h */,
				C5EBF0091B55F97000E5DC7D /* MJType.m */,
				C5EBF00A1B55F97000E5DC7D /* MJTypeEncoding.h */,
				C5EBF00B1B55F97000E5DC7D /* MJTypeEncoding.m */,
				C5EBF00C1B55F97000E5DC7D /* NSObject+MJCoding.h */,
				C5EBF00D1B55F97000E5DC7D /* NSObject+MJCoding.m */,
				C5EBF00E1B55F97000E5DC7D /* NSObject+MJKeyValue.h */,
				C5EBF00F1B55F97000E5DC7D /* NSObject+MJKeyValue.m */,
				C5EBF0101B55F97000E5DC7D /* NSObject+MJMember.h */,
				C5EBF0111B55F97000E5DC7D /* NSObject+MJMember.m */,
			);
			path = MJExtension;
			sourceTree = "<group>";
		};
		C5EBF0121B55F97000E5DC7D /* MJRefresh */ = {
			isa = PBXGroup;
			children = (
				C5EBF0131B55F97000E5DC7D /* MJRefresh.bundle */,
				C5EBF0141B55F97000E5DC7D /* MJRefresh.h */,
				C5EBF0151B55F97000E5DC7D /* MJRefreshBaseView.h */,
				C5EBF0161B55F97000E5DC7D /* MJRefreshBaseView.m */,
				C5EBF0171B55F97000E5DC7D /* MJRefreshConst.h */,
				C5EBF0181B55F97000E5DC7D /* MJRefreshConst.m */,
				C5EBF0191B55F97000E5DC7D /* MJRefreshFooterView.h */,
				C5EBF01A1B55F97000E5DC7D /* MJRefreshFooterView.m */,
				C5EBF01B1B55F97000E5DC7D /* MJRefreshHeaderView.h */,
				C5EBF01C1B55F97000E5DC7D /* MJRefreshHeaderView.m */,
				C5EBF01D1B55F97000E5DC7D /* UIScrollView+MJExtension.h */,
				C5EBF01E1B55F97000E5DC7D /* UIScrollView+MJExtension.m */,
				C5EBF01F1B55F97000E5DC7D /* UIScrollView+MJRefresh.h */,
				C5EBF0201B55F97000E5DC7D /* UIScrollView+MJRefresh.m */,
				C5EBF0211B55F97000E5DC7D /* UIView+MJExtension.h */,
				C5EBF0221B55F97000E5DC7D /* UIView+MJExtension.m */,
			);
			path = MJRefresh;
			sourceTree = "<group>";
		};
		C5EBF0231B55F97000E5DC7D /* SDWebImage */ = {
			isa = PBXGroup;
			children = (
				C5EBF0241B55F97000E5DC7D /* MKAnnotationView+WebCache.h */,
				C5EBF0251B55F97000E5DC7D /* MKAnnotationView+WebCache.m */,
				C5EBF0261B55F97000E5DC7D /* NSData+ImageContentType.h */,
				C5EBF0271B55F97000E5DC7D /* NSData+ImageContentType.m */,
				C5EBF0281B55F97000E5DC7D /* SDImageCache.h */,
				C5EBF0291B55F97000E5DC7D /* SDImageCache.m */,
				C5EBF02A1B55F97000E5DC7D /* SDWebImageCompat.h */,
				C5EBF02B1B55F97000E5DC7D /* SDWebImageCompat.m */,
				C5EBF02C1B55F97000E5DC7D /* SDWebImageDecoder.h */,
				C5EBF02D1B55F97000E5DC7D /* SDWebImageDecoder.m */,
				C5EBF02E1B55F97000E5DC7D /* SDWebImageDownloader.h */,
				C5EBF02F1B55F97000E5DC7D /* SDWebImageDownloader.m */,
				C5EBF0301B55F97000E5DC7D /* SDWebImageDownloaderOperation.h */,
				C5EBF0311B55F97000E5DC7D /* SDWebImageDownloaderOperation.m */,
				C5EBF0321B55F97000E5DC7D /* SDWebImageManager.h */,
				C5EBF0331B55F97000E5DC7D /* SDWebImageManager.m */,
				C5EBF0341B55F97000E5DC7D /* SDWebImageOperation.h */,
				C5EBF0351B55F97000E5DC7D /* SDWebImagePrefetcher.h */,
				C5EBF0361B55F97000E5DC7D /* SDWebImagePrefetcher.m */,
				C5EBF0371B55F97000E5DC7D /* UIButton+WebCache.h */,
				C5EBF0381B55F97000E5DC7D /* UIButton+WebCache.m */,
				C5EBF0391B55F97000E5DC7D /* UIImage+GIF.h */,
				C5EBF03A1B55F97000E5DC7D /* UIImage+GIF.m */,
				C5EBF03B1B55F97000E5DC7D /* UIImage+MultiFormat.h */,
				C5EBF03C1B55F97000E5DC7D /* UIImage+MultiFormat.m */,
				C5EBF03D1B55F97000E5DC7D /* UIImage+WebP.h */,
				C5EBF03E1B55F97000E5DC7D /* UIImage+WebP.m */,
				C5EBF03F1B55F97000E5DC7D /* UIImageView+HighlightedWebCache.h */,
				C5EBF0401B55F97000E5DC7D /* UIImageView+HighlightedWebCache.m */,
				C5EBF0411B55F97000E5DC7D /* UIImageView+WebCache.h */,
				C5EBF0421B55F97000E5DC7D /* UIImageView+WebCache.m */,
				C5EBF0431B55F97000E5DC7D /* UIView+WebCacheOperation.h */,
				C5EBF0441B55F97000E5DC7D /* UIView+WebCacheOperation.m */,
			);
			path = SDWebImage;
			sourceTree = "<group>";
		};
/* End PBXGroup section */

/* Begin PBXNativeTarget section */
		C5EBEFC71B55F3E000E5DC7D /* Waterflow */ = {
			isa = PBXNativeTarget;
			buildConfigurationList = C5EBEFEB1B55F3E000E5DC7D /* Build configuration list for PBXNativeTarget "Waterflow" */;
			buildPhases = (
				C5EBEFC41B55F3E000E5DC7D /* Sources */,
				C5EBEFC51B55F3E000E5DC7D /* Frameworks */,
				C5EBEFC61B55F3E000E5DC7D /* Resources */,
			);
			buildRules = (
			);
			dependencies = (
			);
			name = Waterflow;
			productName = Waterflow;
			productReference = C5EBEFC81B55F3E000E5DC7D /* Waterflow.app */;
			productType = "com.apple.product-type.application";
		};
		C5EBEFE01B55F3E000E5DC7D /* WaterflowTests */ = {
			isa = PBXNativeTarget;
			buildConfigurationList = C5EBEFEE1B55F3E000E5DC7D /* Build configuration list for PBXNativeTarget "WaterflowTests" */;
			buildPhases = (
				C5EBEFDD1B55F3E000E5DC7D /* Sources */,
				C5EBEFDE1B55F3E000E5DC7D /* Frameworks */,
				C5EBEFDF1B55F3E000E5DC7D /* Resources */,
			);
			buildRules = (
			);
			dependencies = (
				C5EBEFE31B55F3E000E5DC7D /* PBXTargetDependency */,
			);
			name = WaterflowTests;
			productName = WaterflowTests;
			productReference = C5EBEFE11B55F3E000E5DC7D /* WaterflowTests.xctest */;
			productType = "com.apple.product-type.bundle.unit-test";
		};
/* End PBXNativeTarget section */

/* Begin PBXProject section */
		C5EBEFC01B55F3E000E5DC7D /* Project object */ = {
			isa = PBXProject;
			attributes = {
				LastUpgradeCheck = 0630;
				ORGANIZATIONNAME = jobs;
				TargetAttributes = {
					C5EBEFC71B55F3E000E5DC7D = {
						CreatedOnToolsVersion = 6.3;
					};
					C5EBEFE01B55F3E000E5DC7D = {
						CreatedOnToolsVersion = 6.3;
						TestTargetID = C5EBEFC71B55F3E000E5DC7D;
					};
				};
			};
			buildConfigurationList = C5EBEFC31B55F3E000E5DC7D /* Build configuration list for PBXProject "Waterflow" */;
			compatibilityVersion = "Xcode 3.2";
			developmentRegion = English;
			hasScannedForEncodings = 0;
			knownRegions = (
				en,
				Base,
			);
			mainGroup = C5EBEFBF1B55F3E000E5DC7D;
			productRefGroup = C5EBEFC91B55F3E000E5DC7D /* Products */;
			projectDirPath = "";
			projectRoot = "";
			targets = (
				C5EBEFC71B55F3E000E5DC7D /* Waterflow */,
				C5EBEFE01B55F3E000E5DC7D /* WaterflowTests */,
			);
		};
/* End PBXProject section */

/* Begin PBXResourcesBuildPhase section */
		C5EBEFC61B55F3E000E5DC7D /* Resources */ = {
			isa = PBXResourcesBuildPhase;
			buildActionMask = 2147483647;
			files = (
				C5EBEFF51B55F50D00E5DC7D /* ShopCell.xib in Resources */,
				C5EBF06B1B55FACD00E5DC7D /* Main.storyboard in Resources */,
				C5EBEFD91B55F3E000E5DC7D /* Images.xcassets in Resources */,
				C5EBF0691B55FAA400E5DC7D /* 1.plist in Resources */,
				C5EBF0501B55F97000E5DC7D /* MJRefresh.bundle in Resources */,
			);
			runOnlyForDeploymentPostprocessing = 0;
		};
		C5EBEFDF1B55F3E000E5DC7D /* Resources */ = {
			isa = PBXResourcesBuildPhase;
			buildActionMask = 2147483647;
			files = (
			);
			runOnlyForDeploymentPostprocessing = 0;
		};
/* End PBXResourcesBuildPhase section */

/* Begin PBXSourcesBuildPhase section */
		C5EBEFC41B55F3E000E5DC7D /* Sources */ = {
			isa = PBXSourcesBuildPhase;
			buildActionMask = 2147483647;
			files = (
				C5EBF05C1B55F97000E5DC7D /* SDWebImageDecoder.m in Sources */,
				C5EBF0671B55F97000E5DC7D /* UIView+WebCacheOperation.m in Sources */,
				C5EBF04F1B55F97000E5DC7D /* NSObject+MJMember.m in Sources */,
				C5EBF05F1B55F97000E5DC7D /* SDWebImageManager.m in Sources */,
				C5EBF04D1B55F97000E5DC7D /* NSObject+MJCoding.m in Sources */,
				C5EBF0481B55F97000E5DC7D /* MJIvar.m in Sources */,
				C5EBF0571B55F97000E5DC7D /* UIView+MJExtension.m in Sources */,
				C5EBF05B1B55F97000E5DC7D /* SDWebImageCompat.m in Sources */,
				C5EBF05E1B55F97000E5DC7D /* SDWebImageDownloaderOperation.m in Sources */,
				C5EBF04C1B55F97000E5DC7D /* MJTypeEncoding.m in Sources */,
				C5EBF0531B55F97000E5DC7D /* MJRefreshFooterView.m in Sources */,
				C5EBF0661B55F97000E5DC7D /* UIImageView+WebCache.m in Sources */,
				C5EBEFD41B55F3E000E5DC7D /* ViewController.m in Sources */,
				C5EBF0541B55F97000E5DC7D /* MJRefreshHeaderView.m in Sources */,
				C5EBF0451B55F97000E5DC7D /* MJArgument.m in Sources */,
				C5EBF0651B55F97000E5DC7D /* UIImageView+HighlightedWebCache.m in Sources */,
				C5EBF0461B55F97000E5DC7D /* MJConst.m in Sources */,
				C5EBF0551B55F97000E5DC7D /* UIScrollView+MJExtension.m in Sources */,
				C5EBF04B1B55F97000E5DC7D /* MJType.m in Sources */,
				C5EBF0621B55F97000E5DC7D /* UIImage+GIF.m in Sources */,
				C5EBF0631B55F97000E5DC7D /* UIImage+MultiFormat.m in Sources */,
				C5EBEFD11B55F3E000E5DC7D /* AppDelegate.m in Sources */,
				C5EBF0641B55F97000E5DC7D /* UIImage+WebP.m in Sources */,
				C5EBF0601B55F97000E5DC7D /* SDWebImagePrefetcher.m in Sources */,
				C5EBF0561B55F97000E5DC7D /* UIScrollView+MJRefresh.m in Sources */,
				C5EBEFCE1B55F3E000E5DC7D /* main.m in Sources */,
				C5EBEFF81B55F55900E5DC7D /* ShopCell.m in Sources */,
				C5EBF0511B55F97000E5DC7D /* MJRefreshBaseView.m in Sources */,
				C5EBF0581B55F97000E5DC7D /* MKAnnotationView+WebCache.m in Sources */,
				C5EBF04A1B55F97000E5DC7D /* MJMethod.m in Sources */,
				C5EBF05D1B55F97000E5DC7D /* SDWebImageDownloader.m in Sources */,
				C5EBF0611B55F97000E5DC7D /* UIButton+WebCache.m in Sources */,
				C5EBEFF31B55F43E00E5DC7D /* Shop.m in Sources */,
				C5EBF0591B55F97000E5DC7D /* NSData+ImageContentType.m in Sources */,
				C5EBF0521B55F97000E5DC7D /* MJRefreshConst.m in Sources */,
				C5EBF0491B55F97000E5DC7D /* MJMember.m in Sources */,
				C5EBF05A1B55F97000E5DC7D /* SDImageCache.m in Sources */,
				C5EBF06E1B5604ED00E5DC7D /* WaterflowLayout.m in Sources */,
				C5EBF04E1B55F97000E5DC7D /* NSObject+MJKeyValue.m in Sources */,
				C5EBF0471B55F97000E5DC7D /* MJFoundation.m in Sources */,
			);
			runOnlyForDeploymentPostprocessing = 0;
		};
		C5EBEFDD1B55F3E000E5DC7D /* Sources */ = {
			isa = PBXSourcesBuildPhase;
			buildActionMask = 2147483647;
			files = (
				C5EBEFE81B55F3E000E5DC7D /* WaterflowTests.m in Sources */,
			);
			runOnlyForDeploymentPostprocessing = 0;
		};
/* End PBXSourcesBuildPhase section */

/* Begin PBXTargetDependency section */
		C5EBEFE31B55F3E000E5DC7D /* PBXTargetDependency */ = {
			isa = PBXTargetDependency;
			target = C5EBEFC71B55F3E000E5DC7D /* Waterflow */;
			targetProxy = C5EBEFE21B55F3E000E5DC7D /* PBXContainerItemProxy */;
		};
/* End PBXTargetDependency section */

/* Begin XCBuildConfiguration section */
		C5EBEFE91B55F3E000E5DC7D /* Debug */ = {
			isa = XCBuildConfiguration;
			buildSettings = {
				ALWAYS_SEARCH_USER_PATHS = NO;
				CLANG_CXX_LANGUAGE_STANDARD = "gnu++0x";
				CLANG_CXX_LIBRARY = "libc++";
				CLANG_ENABLE_MODULES = YES;
				CLANG_ENABLE_OBJC_ARC = YES;
				CLANG_WARN_BOOL_CONVERSION = YES;
				CLANG_WARN_CONSTANT_CONVERSION = YES;
				CLANG_WARN_DIRECT_OBJC_ISA_USAGE = YES_ERROR;
				CLANG_WARN_EMPTY_BODY = YES;
				CLANG_WARN_ENUM_CONVERSION = YES;
				CLANG_WARN_INT_CONVERSION = YES;
				CLANG_WARN_OBJC_ROOT_CLASS = YES_ERROR;
				CLANG_WARN_UNREACHABLE_CODE = YES;
				CLANG_WARN__DUPLICATE_METHOD_MATCH = YES;
				"CODE_SIGN_IDENTITY[sdk=iphoneos*]" = "iPhone Developer";
				COPY_PHASE_STRIP = NO;
				DEBUG_INFORMATION_FORMAT = "dwarf-with-dsym";
				ENABLE_STRICT_OBJC_MSGSEND = YES;
				GCC_C_LANGUAGE_STANDARD = gnu99;
				GCC_DYNAMIC_NO_PIC = NO;
				GCC_NO_COMMON_BLOCKS = YES;
				GCC_OPTIMIZATION_LEVEL = 0;
				GCC_PREPROCESSOR_DEFINITIONS = (
					"DEBUG=1",
					"$(inherited)",
				);
				GCC_SYMBOLS_PRIVATE_EXTERN = NO;
				GCC_WARN_64_TO_32_BIT_CONVERSION = YES;
				GCC_WARN_ABOUT_RETURN_TYPE = YES_ERROR;
				GCC_WARN_UNDECLARED_SELECTOR = YES;
				GCC_WARN_UNINITIALIZED_AUTOS = YES_AGGRESSIVE;
				GCC_WARN_UNUSED_FUNCTION = YES;
				GCC_WARN_UNUSED_VARIABLE = YES;
				IPHONEOS_DEPLOYMENT_TARGET = 8.3;
				MTL_ENABLE_DEBUG_INFO = YES;
				ONLY_ACTIVE_ARCH = YES;
				SDKROOT = iphoneos;
			};
			name = Debug;
		};
		C5EBEFEA1B55F3E000E5DC7D /* Release */ = {
			isa = XCBuildConfiguration;
			buildSettings = {
				ALWAYS_SEARCH_USER_PATHS = NO;
				CLANG_CXX_LANGUAGE_STANDARD = "gnu++0x";
				CLANG_CXX_LIBRARY = "libc++";
				CLANG_ENABLE_MODULES = YES;
				CLANG_ENABLE_OBJC_ARC = YES;
				CLANG_WARN_BOOL_CONVERSION = YES;
				CLANG_WARN_CONSTANT_CONVERSION = YES;
				CLANG_WARN_DIRECT_OBJC_ISA_USAGE = YES_ERROR;
				CLANG_WARN_EMPTY_BODY = YES;
				CLANG_WARN_ENUM_CONVERSION = YES;
				CLANG_WARN_INT_CONVERSION = YES;
				CLANG_WARN_OBJC_ROOT_CLASS = YES_ERROR;
				CLANG_WARN_UNREACHABLE_CODE = YES;
				CLANG_WARN__DUPLICATE_METHOD_MATCH = YES;
				"CODE_SIGN_IDENTITY[sdk=iphoneos*]" = "iPhone Developer";
				COPY_PHASE_STRIP = NO;
				DEBUG_INFORMATION_FORMAT = "dwarf-with-dsym";
				ENABLE_NS_ASSERTIONS = NO;
				ENABLE_STRICT_OBJC_MSGSEND = YES;
				GCC_C_LANGUAGE_STANDARD = gnu99;
				GCC_NO_COMMON_BLOCKS = YES;
				GCC_WARN_64_TO_32_BIT_CONVERSION = YES;
				GCC_WARN_ABOUT_RETURN_TYPE = YES_ERROR;
				GCC_WARN_UNDECLARED_SELECTOR = YES;
				GCC_WARN_UNINITIALIZED_AUTOS = YES_AGGRESSIVE;
				GCC_WARN_UNUSED_FUNCTION = YES;
				GCC_WARN_UNUSED_VARIABLE = YES;
				IPHONEOS_DEPLOYMENT_TARGET = 8.3;
				MTL_ENABLE_DEBUG_INFO = NO;
				SDKROOT = iphoneos;
				VALIDATE_PRODUCT = YES;
			};
			name = Release;
		};
		C5EBEFEC1B55F3E000E5DC7D /* Debug */ = {
			isa = XCBuildConfiguration;
			buildSettings = {
				ASSETCATALOG_COMPILER_APPICON_NAME = AppIcon;
				INFOPLIST_FILE = Waterflow/Info.plist;
				LD_RUNPATH_SEARCH_PATHS = "$(inherited) @executable_path/Frameworks";
				PRODUCT_NAME = "$(TARGET_NAME)";
			};
			name = Debug;
		};
		C5EBEFED1B55F3E000E5DC7D /* Release */ = {
			isa = XCBuildConfiguration;
			buildSettings = {
				ASSETCATALOG_COMPILER_APPICON_NAME = AppIcon;
				INFOPLIST_FILE = Waterflow/Info.plist;
				LD_RUNPATH_SEARCH_PATHS = "$(inherited) @executable_path/Frameworks";
				PRODUCT_NAME = "$(TARGET_NAME)";
			};
			name = Release;
		};
		C5EBEFEF1B55F3E000E5DC7D /* Debug */ = {
			isa = XCBuildConfiguration;
			buildSettings = {
				BUNDLE_LOADER = "$(TEST_HOST)";
				FRAMEWORK_SEARCH_PATHS = (
					"$(SDKROOT)/Developer/Library/Frameworks",
					"$(inherited)",
				);
				GCC_PREPROCESSOR_DEFINITIONS = (
					"DEBUG=1",
					"$(inherited)",
				);
				INFOPLIST_FILE = WaterflowTests/Info.plist;
				LD_RUNPATH_SEARCH_PATHS = "$(inherited) @executable_path/Frameworks @loader_path/Frameworks";
				PRODUCT_NAME = "$(TARGET_NAME)";
				TEST_HOST = "$(BUILT_PRODUCTS_DIR)/Waterflow.app/Waterflow";
			};
			name = Debug;
		};
		C5EBEFF01B55F3E000E5DC7D /* Release */ = {
			isa = XCBuildConfiguration;
			buildSettings = {
				BUNDLE_LOADER = "$(TEST_HOST)";
				FRAMEWORK_SEARCH_PATHS = (
					"$(SDKROOT)/Developer/Library/Frameworks",
					"$(inherited)",
				);
				INFOPLIST_FILE = WaterflowTests/Info.plist;
				LD_RUNPATH_SEARCH_PATHS = "$(inherited) @executable_path/Frameworks @loader_path/Frameworks";
				PRODUCT_NAME = "$(TARGET_NAME)";
				TEST_HOST = "$(BUILT_PRODUCTS_DIR)/Waterflow.app/Waterflow";
			};
			name = Release;
		};
/* End XCBuildConfiguration section */

/* Begin XCConfigurationList section */
		C5EBEFC31B55F3E000E5DC7D /* Build configuration list for PBXProject "Waterflow" */ = {
			isa = XCConfigurationList;
			buildConfigurations = (
				C5EBEFE91B55F3E000E5DC7D /* Debug */,
				C5EBEFEA1B55F3E000E5DC7D /* Release */,
			);
			defaultConfigurationIsVisible = 0;
			defaultConfigurationName = Release;
		};
		C5EBEFEB1B55F3E000E5DC7D /* Build configuration list for PBXNativeTarget "Waterflow" */ = {
			isa = XCConfigurationList;
			buildConfigurations = (
				C5EBEFEC1B55F3E000E5DC7D /* Debug */,
				C5EBEFED1B55F3E000E5DC7D /* Release */,
			);
			defaultConfigurationIsVisible = 0;
		};
		C5EBEFEE1B55F3E000E5DC7D /* Build configuration list for PBXNativeTarget "WaterflowTests" */ = {
			isa = XCConfigurationList;
			buildConfigurations = (
				C5EBEFEF1B55F3E000E5DC7D /* Debug */,
				C5EBEFF01B55F3E000E5DC7D /* Release */,
			);
			defaultConfigurationIsVisible = 0;
		};
/* End XCConfigurationList section */
	};
	rootObject = C5EBEFC01B55F3E000E5DC7D /* Project object */;
}
